
Microsoft Visual Studio Solution File, Format Version 12.00
# Visual Studio Version 17
VisualStudioVersion = 17.13.35828.75 d17.13
MinimumVisualStudioVersion = 10.0.40219.1
Project("{FAE04EC0-301F-11D3-BF4B-00C04F79EFBC}") = "laba_7", "laba_7.csproj", "{6B285BF4-2837-4493-9310-726FEDDE4DE5}"
EndProject
Global
	GlobalSection(SolutionConfigurationPlatforms) = preSolution
		Debug|Any CPU = Debug|Any CPU
		Release|Any CPU = Release|Any CPU
	EndGlobalSection
	GlobalSection(ProjectConfigurationPlatforms) = postSolution
		{6B285BF4-2837-4493-9310-726FEDDE4DE5}.Debug|Any CPU.ActiveCfg = Debug|Any CPU
		{6B285BF4-2837-4493-9310-726FEDDE4DE5}.Debug|Any CPU.Build.0 = Debug|Any CPU
		{6B285BF4-2837-4493-9310-726FEDDE4DE5}.Release|Any CPU.ActiveCfg = Release|Any CPU
		{6B285BF4-2837-4493-9310-726FEDDE4DE5}.Release|Any CPU.Build.0 = Release|Any CPU
	EndGlobalSection
	GlobalSection(SolutionProperties) = preSolution
		HideSolutionNode = FALSE
	EndGlobalSection
	GlobalSection(ExtensibilityGlobals) = postSolution
		SolutionGuid = {10B79ADE-D5EA-4870-848D-E2F45EB042BE}
	EndGlobalSection
EndGlobal
